// !$*UTF8*$!
{
	archiveVersion = 1;
	classes = {
	};
	objectVersion = 46;
	objects = {

/* Begin PBXBuildFile section */
		51C2F2AE180D3E06008B02C5 /* ISpeech.m in Sources */ = {isa = PBXBuildFile; fileRef = 51C2F2AD180D3E06008B02C5 /* ISpeech.m */; };
		51C2F2B7180D40F4008B02C5 /* AudioToolbox.framework in Frameworks */ = {isa = PBXBuildFile; fileRef = 51C2F2B6180D40F4008B02C5 /* AudioToolbox.framework */; };
		51C2F2B8180D4100008B02C5 /* SystemConfiguration.framework in Frameworks */ = {isa = PBXBuildFile; fileRef = FA86650E168BE22D0073E055 /* SystemConfiguration.framework */; };
		51C2F2BA180D4109008B02C5 /* Security.framework in Frameworks */ = {isa = PBXBuildFile; fileRef = 51C2F2B9180D4109008B02C5 /* Security.framework */; };
		51C2F2CE180D57AB008B02C5 /* CFNetwork.framework in Frameworks */ = {isa = PBXBuildFile; fileRef = 51C2F2BB180D410F008B02C5 /* CFNetwork.framework */; };
		51C2F2E5180D63A8008B02C5 /* libiSpeechSDK.a in Frameworks */ = {isa = PBXBuildFile; fileRef = 51C2F2E4180D63A8008B02C5 /* libiSpeechSDK.a */; };
		FA09A376168AFD41008C1C7B /* Foundation.framework in Frameworks */ = {isa = PBXBuildFile; fileRef = FA09A375168AFD41008C1C7B /* Foundation.framework */; };
/* End PBXBuildFile section */

/* Begin PBXCopyFilesBuildPhase section */
		FA09A370168AFD41008C1C7B /* CopyFiles */ = {
			isa = PBXCopyFilesBuildPhase;
			buildActionMask = 2147483647;
			dstPath = "include/${PRODUCT_NAME}";
			dstSubfolderSpec = 16;
			files = (
			);
			runOnlyForDeploymentPostprocessing = 0;
		};
/* End PBXCopyFilesBuildPhase section */

/* Begin PBXFileReference section */
		51C2F2AC180D3E06008B02C5 /* ISpeech.h */ = {isa = PBXFileReference; fileEncoding = 4; lastKnownFileType = sourcecode.c.h; path = ISpeech.h; sourceTree = "<group>"; };
		51C2F2AD180D3E06008B02C5 /* ISpeech.m */ = {isa = PBXFileReference; fileEncoding = 4; lastKnownFileType = sourcecode.c.objc; path = ISpeech.m; sourceTree = "<group>"; };
		51C2F2B0180D400B008B02C5 /* iSpeechSDK.h */ = {isa = PBXFileReference; fileEncoding = 4; lastKnownFileType = sourcecode.c.h; path = iSpeechSDK.h; sourceTree = "<group>"; };
		51C2F2B1180D400B008B02C5 /* ISSpeechRecognition.h */ = {isa = PBXFileReference; fileEncoding = 4; lastKnownFileType = sourcecode.c.h; path = ISSpeechRecognition.h; sourceTree = "<group>"; };
		51C2F2B2180D400B008B02C5 /* ISSpeechRecognitionLocales.h */ = {isa = PBXFileReference; fileEncoding = 4; lastKnownFileType = sourcecode.c.h; path = ISSpeechRecognitionLocales.h; sourceTree = "<group>"; };
		51C2F2B3180D400B008B02C5 /* ISSpeechRecognitionResult.h */ = {isa = PBXFileReference; fileEncoding = 4; lastKnownFileType = sourcecode.c.h; path = ISSpeechRecognitionResult.h; sourceTree = "<group>"; };
		51C2F2B4180D400B008B02C5 /* ISSpeechSynthesis.h */ = {isa = PBXFileReference; fileEncoding = 4; lastKnownFileType = sourcecode.c.h; path = ISSpeechSynthesis.h; sourceTree = "<group>"; };
		51C2F2B5180D400B008B02C5 /* ISSpeechSynthesisVoices.h */ = {isa = PBXFileReference; fileEncoding = 4; lastKnownFileType = sourcecode.c.h; path = ISSpeechSynthesisVoices.h; sourceTree = "<group>"; };
		51C2F2B6180D40F4008B02C5 /* AudioToolbox.framework */ = {isa = PBXFileReference; lastKnownFileType = wrapper.framework; name = AudioToolbox.framework; path = System/Library/Frameworks/AudioToolbox.framework; sourceTree = SDKROOT; };
		51C2F2B9180D4109008B02C5 /* Security.framework */ = {isa = PBXFileReference; lastKnownFileType = wrapper.framework; name = Security.framework; path = System/Library/Frameworks/Security.framework; sourceTree = SDKROOT; };
		51C2F2BB180D410F008B02C5 /* CFNetwork.framework */ = {isa = PBXFileReference; lastKnownFileType = wrapper.framework; name = CFNetwork.framework; path = System/Library/Frameworks/CFNetwork.framework; sourceTree = SDKROOT; };
		51C2F2DB180D6209008B02C5 /* libPluginProtocol.a */ = {isa = PBXFileReference; lastKnownFileType = archive.ar; name = libPluginProtocol.a; path = "../../../../../Library/Developer/Xcode/DerivedData/EduKoala-fiorewyjkxamlwdijztawntuzgfb/Build/Products/Debug-iphoneos/libPluginProtocol.a"; sourceTree = "<group>"; };
		51C2F2E4180D63A8008B02C5 /* libiSpeechSDK.a */ = {isa = PBXFileReference; lastKnownFileType = archive.ar; path = libiSpeechSDK.a; sourceTree = "<group>"; };
		FA09A372168AFD41008C1C7B /* libPluginISpeech.a */ = {isa = PBXFileReference; explicitFileType = archive.ar; includeInIndex = 0; path = libPluginISpeech.a; sourceTree = BUILT_PRODUCTS_DIR; };
		FA09A375168AFD41008C1C7B /* Foundation.framework */ = {isa = PBXFileReference; lastKnownFileType = wrapper.framework; name = Foundation.framework; path = System/Library/Frameworks/Foundation.framework; sourceTree = SDKROOT; };
		FA73FC9017A11B84007E23C2 /* PluginiSpeech-Prefix.pch */ = {isa = PBXFileReference; fileEncoding = 4; lastKnownFileType = sourcecode.c.h; path = "PluginiSpeech-Prefix.pch"; sourceTree = "<group>"; };
		FA86650E168BE22D0073E055 /* SystemConfiguration.framework */ = {isa = PBXFileReference; lastKnownFileType = wrapper.framework; name = SystemConfiguration.framework; path = System/Library/Frameworks/SystemConfiguration.framework; sourceTree = SDKROOT; };
/* End PBXFileReference section */

/* Begin PBXFrameworksBuildPhase section */
		FA09A36F168AFD41008C1C7B /* Frameworks */ = {
			isa = PBXFrameworksBuildPhase;
			buildActionMask = 2147483647;
			files = (
				51C2F2CE180D57AB008B02C5 /* CFNetwork.framework in Frameworks */,
				51C2F2BA180D4109008B02C5 /* Security.framework in Frameworks */,
				51C2F2B8180D4100008B02C5 /* SystemConfiguration.framework in Frameworks */,
				51C2F2B7180D40F4008B02C5 /* AudioToolbox.framework in Frameworks */,
				51C2F2E5180D63A8008B02C5 /* libiSpeechSDK.a in Frameworks */,
				FA09A376168AFD41008C1C7B /* Foundation.framework in Frameworks */,
			);
			runOnlyForDeploymentPostprocessing = 0;
		};
/* End PBXFrameworksBuildPhase section */

/* Begin PBXGroup section */
		51C2F2AF180D400B008B02C5 /* Headers */ = {
			isa = PBXGroup;
			children = (
				51C2F2B0180D400B008B02C5 /* iSpeechSDK.h */,
				51C2F2B1180D400B008B02C5 /* ISSpeechRecognition.h */,
				51C2F2B2180D400B008B02C5 /* ISSpeechRecognitionLocales.h */,
				51C2F2B3180D400B008B02C5 /* ISSpeechRecognitionResult.h */,
				51C2F2B4180D400B008B02C5 /* ISSpeechSynthesis.h */,
				51C2F2B5180D400B008B02C5 /* ISSpeechSynthesisVoices.h */,
			);
			path = Headers;
			sourceTree = "<group>";
		};
		FA09A367168AFD41008C1C7B = {
			isa = PBXGroup;
			children = (
				51C2F2E4180D63A8008B02C5 /* libiSpeechSDK.a */,
				51C2F2AF180D400B008B02C5 /* Headers */,
				51C2F2AC180D3E06008B02C5 /* ISpeech.h */,
				51C2F2AD180D3E06008B02C5 /* ISpeech.m */,
				FA73FC9017A11B84007E23C2 /* PluginiSpeech-Prefix.pch */,
				FA09A374168AFD41008C1C7B /* Frameworks */,
				FA09A373168AFD41008C1C7B /* Products */,
			);
			sourceTree = "<group>";
		};
		FA09A373168AFD41008C1C7B /* Products */ = {
			isa = PBXGroup;
			children = (
				FA09A372168AFD41008C1C7B /* libPluginISpeech.a */,
			);
			name = Products;
			sourceTree = "<group>";
		};
		FA09A374168AFD41008C1C7B /* Frameworks */ = {
			isa = PBXGroup;
			children = (
				51C2F2DB180D6209008B02C5 /* libPluginProtocol.a */,
				51C2F2BB180D410F008B02C5 /* CFNetwork.framework */,
				51C2F2B9180D4109008B02C5 /* Security.framework */,
				51C2F2B6180D40F4008B02C5 /* AudioToolbox.framework */,
				FA86650E168BE22D0073E055 /* SystemConfiguration.framework */,
				FA09A375168AFD41008C1C7B /* Foundation.framework */,
			);
			name = Frameworks;
			sourceTree = "<group>";
		};
/* End PBXGroup section */

/* Begin PBXNativeTarget section */
		FA09A371168AFD41008C1C7B /* PluginiSpeech */ = {
			isa = PBXNativeTarget;
			buildConfigurationList = FA09A380168AFD41008C1C7B /* Build configuration list for PBXNativeTarget "PluginiSpeech" */;
			buildPhases = (
				FA09A36E168AFD41008C1C7B /* Sources */,
				FA09A36F168AFD41008C1C7B /* Frameworks */,
				FA09A370168AFD41008C1C7B /* CopyFiles */,
			);
			buildRules = (
			);
			dependencies = (
			);
			name = PluginiSpeech;
			productName = libPluginFlurry;
			productReference = FA09A372168AFD41008C1C7B /* libPluginISpeech.a */;
			productType = "com.apple.product-type.library.static";
		};
/* End PBXNativeTarget section */

/* Begin PBXProject section */
		FA09A369168AFD41008C1C7B /* Project object */ = {
			isa = PBXProject;
			attributes = {
				LastUpgradeCheck = 0460;
				ORGANIZATIONNAME = zhangbin;
			};
			buildConfigurationList = FA09A36C168AFD41008C1C7B /* Build configuration list for PBXProject "PluginiSpeech" */;
			compatibilityVersion = "Xcode 3.2";
			developmentRegion = English;
			hasScannedForEncodings = 0;
			knownRegions = (
				en,
			);
			mainGroup = FA09A367168AFD41008C1C7B;
			productRefGroup = FA09A373168AFD41008C1C7B /* Products */;
			projectDirPath = "";
			projectRoot = "";
			targets = (
				FA09A371168AFD41008C1C7B /* PluginiSpeech */,
			);
		};
/* End PBXProject section */

/* Begin PBXSourcesBuildPhase section */
		FA09A36E168AFD41008C1C7B /* Sources */ = {
			isa = PBXSourcesBuildPhase;
			buildActionMask = 2147483647;
			files = (
				51C2F2AE180D3E06008B02C5 /* ISpeech.m in Sources */,
			);
			runOnlyForDeploymentPostprocessing = 0;
		};
/* End PBXSourcesBuildPhase section */

/* Begin XCBuildConfiguration section */
		FA09A37E168AFD41008C1C7B /* Debug */ = {
			isa = XCBuildConfiguration;
			buildSettings = {
				ALWAYS_SEARCH_USER_PATHS = NO;
				ARCHS = "$(ARCHS_STANDARD_32_BIT)";
				CLANG_CXX_LANGUAGE_STANDARD = "gnu++0x";
				CLANG_CXX_LIBRARY = "libc++";
				CLANG_WARN_CONSTANT_CONVERSION = YES;
				CLANG_WARN_ENUM_CONVERSION = YES;
				CLANG_WARN_INT_CONVERSION = YES;
				CLANG_WARN__DUPLICATE_METHOD_MATCH = YES;
				COPY_PHASE_STRIP = NO;
				GCC_C_LANGUAGE_STANDARD = gnu99;
				GCC_DYNAMIC_NO_PIC = NO;
				GCC_OPTIMIZATION_LEVEL = 0;
				GCC_PREPROCESSOR_DEFINITIONS = (
					"DEBUG=1",
					"$(inherited)",
				);
				GCC_SYMBOLS_PRIVATE_EXTERN = NO;
				GCC_VERSION = com.apple.compilers.llvm.clang.1_0;
				GCC_WARN_ABOUT_RETURN_TYPE = YES;
				GCC_WARN_UNINITIALIZED_AUTOS = YES;
				GCC_WARN_UNUSED_VARIABLE = YES;
				IPHONEOS_DEPLOYMENT_TARGET = 5.1;
				SDKROOT = iphoneos;
			};
			name = Debug;
		};
		FA09A37F168AFD41008C1C7B /* Release */ = {
			isa = XCBuildConfiguration;
			buildSettings = {
				ALWAYS_SEARCH_USER_PATHS = NO;
				ARCHS = "$(ARCHS_STANDARD_32_BIT)";
				CLANG_CXX_LANGUAGE_STANDARD = "gnu++0x";
				CLANG_CXX_LIBRARY = "libc++";
				CLANG_WARN_CONSTANT_CONVERSION = YES;
				CLANG_WARN_ENUM_CONVERSION = YES;
				CLANG_WARN_INT_CONVERSION = YES;
				CLANG_WARN__DUPLICATE_METHOD_MATCH = YES;
				COPY_PHASE_STRIP = YES;
				GCC_C_LANGUAGE_STANDARD = gnu99;
				GCC_VERSION = com.apple.compilers.llvm.clang.1_0;
				GCC_WARN_ABOUT_RETURN_TYPE = YES;
				GCC_WARN_UNINITIALIZED_AUTOS = YES;
				GCC_WARN_UNUSED_VARIABLE = YES;
				IPHONEOS_DEPLOYMENT_TARGET = 5.1;
				SDKROOT = iphoneos;
				VALIDATE_PRODUCT = YES;
			};
			name = Release;
		};
		FA09A381168AFD41008C1C7B /* Debug */ = {
			isa = XCBuildConfiguration;
			buildSettings = {
				CLANG_CXX_LANGUAGE_STANDARD = "compiler-default";
				CLANG_CXX_LIBRARY = "compiler-default";
				DSTROOT = /tmp/libPluginISpeech.dst;
				GCC_C_LANGUAGE_STANDARD = "compiler-default";
				GCC_PRECOMPILE_PREFIX_HEADER = YES;
				GCC_PREFIX_HEADER = "PluginiSpeech-Prefix.pch";
				HEADER_SEARCH_PATHS = "$(SRCROOT)/../../../protocols/platform/ios";
				LIBRARY_SEARCH_PATHS = (
					"$(inherited)",
					"\\\\\\\"$(SRCROOT)/../platform/ios\\\\\\\"",
					"$(SRCROOT)",
					"\\\\\\\"$(SRCROOT)/FlurryAds\\\\\\\"",
					"/Users/alicjakarminska/Michal_praca/plugin-x/plugins/iSpeech/proj.ios",
					"$(USER_LIBRARY_DIR)/Developer/Xcode/DerivedData/EduKoala-fiorewyjkxamlwdijztawntuzgfb/Build/Products/Debug-iphoneos",
				);
				ONLY_ACTIVE_ARCH = YES;
				OTHER_LDFLAGS = "-ObjC";
				PRODUCT_NAME = PluginISpeech;
				SKIP_INSTALL = YES;
			};
			name = Debug;
		};
		FA09A382168AFD41008C1C7B /* Release */ = {
			isa = XCBuildConfiguration;
			buildSettings = {
				CLANG_CXX_LANGUAGE_STANDARD = "compiler-default";
				CLANG_CXX_LIBRARY = "compiler-default";
				DSTROOT = /tmp/libPluginISpeech.dst;
				GCC_C_LANGUAGE_STANDARD = "compiler-default";
				GCC_PRECOMPILE_PREFIX_HEADER = YES;
				GCC_PREFIX_HEADER = "PluginiSpeech-Prefix.pch";
				HEADER_SEARCH_PATHS = "$(SRCROOT)/../../../protocols/platform/ios";
				LIBRARY_SEARCH_PATHS = (
					"$(inherited)",
					"\\\\\\\"$(SRCROOT)/../platform/ios\\\\\\\"",
					"$(SRCROOT)",
					"\\\\\\\"$(SRCROOT)/FlurryAds\\\\\\\"",
					"/Users/alicjakarminska/Michal_praca/plugin-x/plugins/iSpeech/proj.ios",
					"$(USER_LIBRARY_DIR)/Developer/Xcode/DerivedData/EduKoala-fiorewyjkxamlwdijztawntuzgfb/Build/Products/Debug-iphoneos",
				);
				ONLY_ACTIVE_ARCH = YES;
				OTHER_LDFLAGS = "-ObjC";
				PRODUCT_NAME = PluginISpeech;
				SKIP_INSTALL = YES;
			};
			name = Release;
		};
/* End XCBuildConfiguration section */

/* Begin XCConfigurationList section */
		FA09A36C168AFD41008C1C7B /* Build configuration list for PBXProject "PluginiSpeech" */ = {
			isa = XCConfigurationList;
			buildConfigurations = (
				FA09A37E168AFD41008C1C7B /* Debug */,
				FA09A37F168AFD41008C1C7B /* Release */,
			);
			defaultConfigurationIsVisible = 0;
			defaultConfigurationName = Release;
		};
		FA09A380168AFD41008C1C7B /* Build configuration list for PBXNativeTarget "PluginiSpeech" */ = {
			isa = XCConfigurationList;
			buildConfigurations = (
				FA09A381168AFD41008C1C7B /* Debug */,
				FA09A382168AFD41008C1C7B /* Release */,
			);
			defaultConfigurationIsVisible = 0;
			defaultConfigurationName = Release;
		};
/* End XCConfigurationList section */
	};
	rootObject = FA09A369168AFD41008C1C7B /* Project object */;
}
